# THIS IS AN AUTOGENERATED FILE. DO NOT EDIT THIS FILE DIRECTLY.
# yarn lockfile v1


"@types/debug@4.1.5  ":
  version "4.1.5"
  resolved "https://registry.yarnpkg.com/@types/debug/-/debug-4.1.5.tgz#b14efa8852b7768d898906613c23f688713e02cd"
  integrity sha512-Q1y515GcOdTHgagaVFhHnIFQ38ygs/kmxdNpvpou+raI9UO3YZcHDngBSYKQklcKlvA7iuQlmIKbzvmxcOE9CQ==

"@types/semver@^5.5.0":
  version "5.5.0"
  resolved "https://registry.yarnpkg.com/@types/semver/-/semver-5.5.0.tgz#146c2a29ee7d3bae4bf2fcb274636e264c813c45"
  integrity sha512-41qEJgBH/TWgo5NFSvBCJ1qkoi3Q6ONSF2avrHq1LVEZfYpdHmj0y9SuTK+u9ZhG1sYQKBL1AWXKyLWP4RaUoQ==

binary-search@^1.3.6:
  version "1.3.6"
  resolved "https://registry.yarnpkg.com/binary-search/-/binary-search-1.3.6.tgz#e32426016a0c5092f0f3598836a1c7da3560565c"
  integrity sha512-nbE1WxOTTrUWIfsfZ4aHGYu5DOuNkbxGokjV6Z2kxfJK3uaAb8zNK1muzOeipoLHZjInT4Br88BHpzevc681xA==

bitcode-builder@^1.2.0:
  version "1.2.0"
  resolved "https://registry.yarnpkg.com/bitcode-builder/-/bitcode-builder-1.2.0.tgz#06eb981345b00cd692fab1dd56f403c09b85feeb"
  integrity sha512-biuJIhrog5d1IFMaKtHMJ8PJ1L3zxiWdclwYErjOBWf8Gwyqa4XwflvMufzcQw/OUeAArO1AqOrqsOFsWJ94OA==

bitcode@^1.2.0:
  version "1.2.0"
  resolved "https://registry.yarnpkg.com/bitcode/-/bitcode-1.2.0.tgz#4d69f92fc9c870d0b97aee0a11e5e4d87cade74a"
  integrity sha512-cWgZK/ri/1ZUJ+UKEwP9Cqw10WY5wHz+boMxVO4vvc0btmxa2tMc2m2Zk9HYdCyx4b5+sgQM1/NCJPTIPO1XOw==
  dependencies:
    bitcode-builder "^1.2.0"

debug@^3.2.6:
  version "3.2.7"
  resolved "https://registry.yarnpkg.com/debug/-/debug-3.2.7.tgz#72580b7e9145fb39b6676f9c5e5fb100b934179a"
  integrity sha512-CFjzYYAi4ThfiQvizrFQevTTXHtnCqWfe7x1AhgEscTz6ZbLbfoLRLPugTQyBth6f8ZERVUSyWHFD/7Wu4t1XQ==
  dependencies:
    ms "^2.1.1"

debug@^4.2.0:
  version "4.3.2"
  resolved "https://registry.yarnpkg.com/debug/-/debug-4.3.2.tgz#f0a49c18ac8779e31d4a0c6029dfb76873c7428b"
  integrity sha512-mOp8wKcvj7XxC78zLgw/ZA+6TSgkoE2C/ienthhRD298T7UNwAg9diBpLRxC0mOezLl4B0xV7M0cCO6P/O0Xhw==
  dependencies:
    ms "2.1.2"

llhttp@^1.0.1:
  version "1.0.1"
  resolved "https://registry.yarnpkg.com/llhttp/-/llhttp-1.0.1.tgz#0bb5a864060cefff4751658c65f10f1b1859f7ce"
  integrity sha512-/27GfbLIVASdOmyKIMldvv4jgVsQNIXhmg50aP+yT8Xph7C/D+azbx7tyg9NygxT3xB+SYG1UKWGvDTmVAU7Rw==
  dependencies:
    "@types/semver" "^5.5.0"
    llparse "^6.0.1"
    semver "^5.6.0"

llparse-builder@^1.3.2:
  version "1.5.2"
  resolved "https://registry.yarnpkg.com/llparse-builder/-/llparse-builder-1.5.2.tgz#e84a8ff20d7a9ed905b544e6d513f29ce9e47276"
  integrity sha512-i862UNC3YUEdlfK/NUCJxlKjtWjgAI9AJXDRgjcfRHfwFt4Sf8eFPTRsc91/2R9MBZ0kyFdfhi8SVhMsZf1gNQ==
  dependencies:
    "@types/debug" "4.1.5  "
    binary-search "^1.3.6"
    debug "^4.2.0"

llparse-frontend@^1.4.0:
  version "1.4.0"
  resolved "https://registry.yarnpkg.com/llparse-frontend/-/llparse-frontend-1.4.0.tgz#fe9ec65045f54aaa3d68f75cf2782c8b6504dc59"
  integrity sha512-lUpGvGU9MDPb3k4Wbb0S7FgpceCirXVeFQQZjsYWB3fIEGU0Q6IEiTO91J6MLLN75gsxvGiWZaKVnmcHb7jh6g==
  dependencies:
    debug "^3.2.6"
    llparse-builder "^1.3.2"

llparse@^6.0.1:
  version "6.4.0"
  resolved "https://registry.yarnpkg.com/llparse/-/llparse-6.4.0.tgz#9cc04c805dec48017e893f17167923ddb0f4689c"
  integrity sha512-ySA+bj2wOLXrKmohAVMw0Nq84oHDPLdg+sUx4+VeSk1U72MEKfKAXS7zh82n15BRjWc/cVgWBN9RQAFdgk0g5Q==
  dependencies:
    bitcode "^1.2.0"
    debug "^3.2.6"
    llparse-frontend "^1.4.0"

ms@2.1.2:
  version "2.1.2"
  resolved "https://registry.yarnpkg.com/ms/-/ms-2.1.2.tgz#d09d1f357b443f493382a8eb3ccd183872ae6009"
  integrity sha512-sGkPx+VjMtmA6MX27oA4FBFELFCZZ4S4XqeGOXCv68tT+jb3vk/RyaKWP0PTKyWtmLSM0b+adUTEvbs1PEaH2w==

ms@^2.1.1:
  version "2.1.3"
  resolved "https://registry.yarnpkg.com/ms/-/ms-2.1.3.tgz#574c8138ce1d2b5861f0b44579dbadd60c6615b2"
  integrity sha512-6FlzubTLZG3J2a/NVCAleEhjzq5oxgHyaCU9yYXvcLsvoVaHJq/s5xXI6/XXP6tz7R9xAOtHnSO/tXtF3WRTlA==

semver@^5.6.0:
  version "5.7.1"
  resolved "https://registry.yarnpkg.com/semver/-/semver-5.7.1.tgz#a954f931aeba508d307bbf069eff0c01c96116f7"
  integrity sha512-sauaDf/PZdVgrLTNYHRtpXa1iRiKcaebiKQ1BJdpQlWH2lCvexQdX55snPFyK7QzpudqbCI0qXFfOasHdyNDGQ==
